
Microsoft Visual Studio Solution File, Format Version 12.00
# Visual Studio 14
VisualStudioVersion = 14.0.25420.1
MinimumVisualStudioVersion = 10.0.40219.1
Project("{FAE04EC0-301F-11D3-BF4B-00C04F79EFBC}") = "SportsStore.Domain", "SportsStore.Domain\SportsStore.Domain.csproj", "{8BC11C20-8234-41E4-90C9-F555E86FE9B1}"
EndProject
Project("{FAE04EC0-301F-11D3-BF4B-00C04F79EFBC}") = "SportsStore.WebUI", "SportsStore.WebUI\SportsStore.WebUI.csproj", "{014550F5-DE8D-4ABB-95BB-F740D15D7FD6}"
EndProject
Project("{FAE04EC0-301F-11D3-BF4B-00C04F79EFBC}") = "SportsStore.UnitTests", "SportsStore.UnitTests\SportsStore.UnitTests.csproj", "{BBA30867-96D7-4349-BDF4-E40225840ED3}"
EndProject
Global
	GlobalSection(SolutionConfigurationPlatforms) = preSolution
		Debug|Any CPU = Debug|Any CPU
		Release|Any CPU = Release|Any CPU
	EndGlobalSection
	GlobalSection(ProjectConfigurationPlatforms) = postSolution
		{8BC11C20-8234-41E4-90C9-F555E86FE9B1}.Debug|Any CPU.ActiveCfg = Debug|Any CPU
		{8BC11C20-8234-41E4-90C9-F555E86FE9B1}.Debug|Any CPU.Build.0 = Debug|Any CPU
		{8BC11C20-8234-41E4-90C9-F555E86FE9B1}.Release|Any CPU.ActiveCfg = Release|Any CPU
		{8BC11C20-8234-41E4-90C9-F555E86FE9B1}.Release|Any CPU.Build.0 = Release|Any CPU
		{014550F5-DE8D-4ABB-95BB-F740D15D7FD6}.Debug|Any CPU.ActiveCfg = Debug|Any CPU
		{014550F5-DE8D-4ABB-95BB-F740D15D7FD6}.Debug|Any CPU.Build.0 = Debug|Any CPU
		{014550F5-DE8D-4ABB-95BB-F740D15D7FD6}.Release|Any CPU.ActiveCfg = Release|Any CPU
		{014550F5-DE8D-4ABB-95BB-F740D15D7FD6}.Release|Any CPU.Build.0 = Release|Any CPU
		{BBA30867-96D7-4349-BDF4-E40225840ED3}.Debug|Any CPU.ActiveCfg = Debug|Any CPU
		{BBA30867-96D7-4349-BDF4-E40225840ED3}.Debug|Any CPU.Build.0 = Debug|Any CPU
		{BBA30867-96D7-4349-BDF4-E40225840ED3}.Release|Any CPU.ActiveCfg = Release|Any CPU
		{BBA30867-96D7-4349-BDF4-E40225840ED3}.Release|Any CPU.Build.0 = Release|Any CPU
	EndGlobalSection
	GlobalSection(SolutionProperties) = preSolution
		HideSolutionNode = FALSE
	EndGlobalSection
EndGlobal
